// !$*UTF8*$!
{
	archiveVersion = 1;
	classes = {
	};
	objectVersion = 46;
	objects = {

/* Begin PBXBuildFile section */
		6E57BD181B368DEC009F206F /* main.m in Sources */ = {isa = PBXBuildFile; fileRef = 6E57BD171B368DEC009F206F /* main.m */; };
		6E57BD1B1B368DEC009F206F /* AppDelegate.m in Sources */ = {isa = PBXBuildFile; fileRef = 6E57BD1A1B368DEC009F206F /* AppDelegate.m */; };
		6E57BD1E1B368DEC009F206F /* ViewController.m in Sources */ = {isa = PBXBuildFile; fileRef = 6E57BD1D1B368DEC009F206F /* ViewController.m */; };
		6E57BD211B368DEC009F206F /* Main.storyboard in Resources */ = {isa = PBXBuildFile; fileRef = 6E57BD1F1B368DEC009F206F /* Main.storyboard */; };
		6E57BD231B368DEC009F206F /* Images.xcassets in Resources */ = {isa = PBXBuildFile; fileRef = 6E57BD221B368DEC009F206F /* Images.xcassets */; };
		6E57BD261B368DEC009F206F /* LaunchScreen.xib in Resources */ = {isa = PBXBuildFile; fileRef = 6E57BD241B368DEC009F206F /* LaunchScreen.xib */; };
		6E57BD321B368DEC009F206F /* yelpTests.m in Sources */ = {isa = PBXBuildFile; fileRef = 6E57BD311B368DEC009F206F /* yelpTests.m */; };
/* End PBXBuildFile section */

/* Begin PBXContainerItemProxy section */
		6E57BD2C1B368DEC009F206F /* PBXContainerItemProxy */ = {
			isa = PBXContainerItemProxy;
			containerPortal = 6E57BD0A1B368DEC009F206F /* Project object */;
			proxyType = 1;
			remoteGlobalIDString = 6E57BD111B368DEC009F206F;
			remoteInfo = yelp;
		};
/* End PBXContainerItemProxy section */

/* Begin PBXFileReference section */
		6E57BD121B368DEC009F206F /* yelp.app */ = {isa = PBXFileReference; explicitFileType = wrapper.application; includeInIndex = 0; path = yelp.app; sourceTree = BUILT_PRODUCTS_DIR; };
		6E57BD161B368DEC009F206F /* Info.plist */ = {isa = PBXFileReference; lastKnownFileType = text.plist.xml; path = Info.plist; sourceTree = "<group>"; };
		6E57BD171B368DEC009F206F /* main.m */ = {isa = PBXFileReference; lastKnownFileType = sourcecode.c.objc; path = main.m; sourceTree = "<group>"; };
		6E57BD191B368DEC009F206F /* AppDelegate.h */ = {isa = PBXFileReference; lastKnownFileType = sourcecode.c.h; path = AppDelegate.h; sourceTree = "<group>"; };
		6E57BD1A1B368DEC009F206F /* AppDelegate.m */ = {isa = PBXFileReference; lastKnownFileType = sourcecode.c.objc; path = AppDelegate.m; sourceTree = "<group>"; };
		6E57BD1C1B368DEC009F206F /* ViewController.h */ = {isa = PBXFileReference; lastKnownFileType = sourcecode.c.h; path = ViewController.h; sourceTree = "<group>"; };
		6E57BD1D1B368DEC009F206F /* ViewController.m */ = {isa = PBXFileReference; lastKnownFileType = sourcecode.c.objc; path = ViewController.m; sourceTree = "<group>"; };
		6E57BD201B368DEC009F206F /* Base */ = {isa = PBXFileReference; lastKnownFileType = file.storyboard; name = Base; path = Base.lproj/Main.storyboard; sourceTree = "<group>"; };
		6E57BD221B368DEC009F206F /* Images.xcassets */ = {isa = PBXFileReference; lastKnownFileType = folder.assetcatalog; path = Images.xcassets; sourceTree = "<group>"; };
		6E57BD251B368DEC009F206F /* Base */ = {isa = PBXFileReference; lastKnownFileType = file.xib; name = Base; path = Base.lproj/LaunchScreen.xib; sourceTree = "<group>"; };
		6E57BD2B1B368DEC009F206F /* yelpTests.xctest */ = {isa = PBXFileReference; explicitFileType = wrapper.cfbundle; includeInIndex = 0; path = yelpTests.xctest; sourceTree = BUILT_PRODUCTS_DIR; };
		6E57BD301B368DEC009F206F /* Info.plist */ = {isa = PBXFileReference; lastKnownFileType = text.plist.xml; path = Info.plist; sourceTree = "<group>"; };
		6E57BD311B368DEC009F206F /* yelpTests.m */ = {isa = PBXFileReference; lastKnownFileType = sourcecode.c.objc; path = yelpTests.m; sourceTree = "<group>"; };
/* End PBXFileReference section */

/* Begin PBXFrameworksBuildPhase section */
		6E57BD0F1B368DEC009F206F /* Frameworks */ = {
			isa = PBXFrameworksBuildPhase;
			buildActionMask = 2147483647;
			files = (
			);
			runOnlyForDeploymentPostprocessing = 0;
		};
		6E57BD281B368DEC009F206F /* Frameworks */ = {
			isa = PBXFrameworksBuildPhase;
			buildActionMask = 2147483647;
			files = (
			);
			runOnlyForDeploymentPostprocessing = 0;
		};
/* End PBXFrameworksBuildPhase section */

/* Begin PBXGroup section */
		6E57BD091B368DEC009F206F = {
			isa = PBXGroup;
			children = (
				6E57BD141B368DEC009F206F /* yelp */,
				6E57BD2E1B368DEC009F206F /* yelpTests */,
				6E57BD131B368DEC009F206F /* Products */,
			);
			sourceTree = "<group>";
		};
		6E57BD131B368DEC009F206F /* Products */ = {
			isa = PBXGroup;
			children = (
				6E57BD121B368DEC009F206F /* yelp.app */,
				6E57BD2B1B368DEC009F206F /* yelpTests.xctest */,
			);
			name = Products;
			sourceTree = "<group>";
		};
		6E57BD141B368DEC009F206F /* yelp */ = {
			isa = PBXGroup;
			children = (
				6E57BD191B368DEC009F206F /* AppDelegate.h */,
				6E57BD1A1B368DEC009F206F /* AppDelegate.m */,
				6E57BD1C1B368DEC009F206F /* ViewController.h */,
				6E57BD1D1B368DEC009F206F /* ViewController.m */,
				6E57BD1F1B368DEC009F206F /* Main.storyboard */,
				6E57BD221B368DEC009F206F /* Images.xcassets */,
				6E57BD241B368DEC009F206F /* LaunchScreen.xib */,
				6E57BD151B368DEC009F206F /* Supporting Files */,
			);
			path = yelp;
			sourceTree = "<group>";
		};
		6E57BD151B368DEC009F206F /* Supporting Files */ = {
			isa = PBXGroup;
			children = (
				6E57BD161B368DEC009F206F /* Info.plist */,
				6E57BD171B368DEC009F206F /* main.m */,
			);
			name = "Supporting Files";
			sourceTree = "<group>";
		};
		6E57BD2E1B368DEC009F206F /* yelpTests */ = {
			isa = PBXGroup;
			children = (
				6E57BD311B368DEC009F206F /* yelpTests.m */,
				6E57BD2F1B368DEC009F206F /* Supporting Files */,
			);
			path = yelpTests;
			sourceTree = "<group>";
		};
		6E57BD2F1B368DEC009F206F /* Supporting Files */ = {
			isa = PBXGroup;
			children = (
				6E57BD301B368DEC009F206F /* Info.plist */,
			);
			name = "Supporting Files";
			sourceTree = "<group>";
		};
/* End PBXGroup section */

/* Begin PBXNativeTarget section */
		6E57BD111B368DEC009F206F /* yelp */ = {
			isa = PBXNativeTarget;
			buildConfigurationList = 6E57BD351B368DEC009F206F /* Build configuration list for PBXNativeTarget "yelp" */;
			buildPhases = (
				6E57BD0E1B368DEC009F206F /* Sources */,
				6E57BD0F1B368DEC009F206F /* Frameworks */,
				6E57BD101B368DEC009F206F /* Resources */,
			);
			buildRules = (
			);
			dependencies = (
			);
			name = yelp;
			productName = yelp;
			productReference = 6E57BD121B368DEC009F206F /* yelp.app */;
			productType = "com.apple.product-type.application";
		};
		6E57BD2A1B368DEC009F206F /* yelpTests */ = {
			isa = PBXNativeTarget;
			buildConfigurationList = 6E57BD381B368DEC009F206F /* Build configuration list for PBXNativeTarget "yelpTests" */;
			buildPhases = (
				6E57BD271B368DEC009F206F /* Sources */,
				6E57BD281B368DEC009F206F /* Frameworks */,
				6E57BD291B368DEC009F206F /* Resources */,
			);
			buildRules = (
			);
			dependencies = (
				6E57BD2D1B368DEC009F206F /* PBXTargetDependency */,
			);
			name = yelpTests;
			productName = yelpTests;
			productReference = 6E57BD2B1B368DEC009F206F /* yelpTests.xctest */;
			productType = "com.apple.product-type.bundle.unit-test";
		};
/* End PBXNativeTarget section */

/* Begin PBXProject section */
		6E57BD0A1B368DEC009F206F /* Project object */ = {
			isa = PBXProject;
			attributes = {
				LastUpgradeCheck = 0630;
				ORGANIZATIONNAME = "Bipo Tsai";
				TargetAttributes = {
					6E57BD111B368DEC009F206F = {
						CreatedOnToolsVersion = 6.3.2;
					};
					6E57BD2A1B368DEC009F206F = {
						CreatedOnToolsVersion = 6.3.2;
						TestTargetID = 6E57BD111B368DEC009F206F;
					};
				};
			};
			buildConfigurationList = 6E57BD0D1B368DEC009F206F /* Build configuration list for PBXProject "yelp" */;
			compatibilityVersion = "Xcode 3.2";
			developmentRegion = English;
			hasScannedForEncodings = 0;
			knownRegions = (
				en,
				Base,
			);
			mainGroup = 6E57BD091B368DEC009F206F;
			productRefGroup = 6E57BD131B368DEC009F206F /* Products */;
			projectDirPath = "";
			projectRoot = "";
			targets = (
				6E57BD111B368DEC009F206F /* yelp */,
				6E57BD2A1B368DEC009F206F /* yelpTests */,
			);
		};
/* End PBXProject section */

/* Begin PBXResourcesBuildPhase section */
		6E57BD101B368DEC009F206F /* Resources */ = {
			isa = PBXResourcesBuildPhase;
			buildActionMask = 2147483647;
			files = (
				6E57BD211B368DEC009F206F /* Main.storyboard in Resources */,
				6E57BD261B368DEC009F206F /* LaunchScreen.xib in Resources */,
				6E57BD231B368DEC009F206F /* Images.xcassets in Resources */,
			);
			runOnlyForDeploymentPostprocessing = 0;
		};
		6E57BD291B368DEC009F206F /* Resources */ = {
			isa = PBXResourcesBuildPhase;
			buildActionMask = 2147483647;
			files = (
			);
			runOnlyForDeploymentPostprocessing = 0;
		};
/* End PBXResourcesBuildPhase section */

/* Begin PBXSourcesBuildPhase section */
		6E57BD0E1B368DEC009F206F /* Sources */ = {
			isa = PBXSourcesBuildPhase;
			buildActionMask = 2147483647;
			files = (
				6E57BD1E1B368DEC009F206F /* ViewController.m in Sources */,
				6E57BD1B1B368DEC009F206F /* AppDelegate.m in Sources */,
				6E57BD181B368DEC009F206F /* main.m in Sources */,
			);
			runOnlyForDeploymentPostprocessing = 0;
		};
		6E57BD271B368DEC009F206F /* Sources */ = {
			isa = PBXSourcesBuildPhase;
			buildActionMask = 2147483647;
			files = (
				6E57BD321B368DEC009F206F /* yelpTests.m in Sources */,
			);
			runOnlyForDeploymentPostprocessing = 0;
		};
/* End PBXSourcesBuildPhase section */

/* Begin PBXTargetDependency section */
		6E57BD2D1B368DEC009F206F /* PBXTargetDependency */ = {
			isa = PBXTargetDependency;
			target = 6E57BD111B368DEC009F206F /* yelp */;
			targetProxy = 6E57BD2C1B368DEC009F206F /* PBXContainerItemProxy */;
		};
/* End PBXTargetDependency section */

/* Begin PBXVariantGroup section */
		6E57BD1F1B368DEC009F206F /* Main.storyboard */ = {
			isa = PBXVariantGroup;
			children = (
				6E57BD201B368DEC009F206F /* Base */,
			);
			name = Main.storyboard;
			sourceTree = "<group>";
		};
		6E57BD241B368DEC009F206F /* LaunchScreen.xib */ = {
			isa = PBXVariantGroup;
			children = (
				6E57BD251B368DEC009F206F /* Base */,
			);
			name = LaunchScreen.xib;
			sourceTree = "<group>";
		};
/* End PBXVariantGroup section */

/* Begin XCBuildConfiguration section */
		6E57BD331B368DEC009F206F /* Debug */ = {
			isa = XCBuildConfiguration;
			buildSettings = {
				ALWAYS_SEARCH_USER_PATHS = NO;
				CLANG_CXX_LANGUAGE_STANDARD = "gnu++0x";
				CLANG_CXX_LIBRARY = "libc++";
				CLANG_ENABLE_MODULES = YES;
				CLANG_ENABLE_OBJC_ARC = YES;
				CLANG_WARN_BOOL_CONVERSION = YES;
				CLANG_WARN_CONSTANT_CONVERSION = YES;
				CLANG_WARN_DIRECT_OBJC_ISA_USAGE = YES_ERROR;
				CLANG_WARN_EMPTY_BODY = YES;
				CLANG_WARN_ENUM_CONVERSION = YES;
				CLANG_WARN_INT_CONVERSION = YES;
				CLANG_WARN_OBJC_ROOT_CLASS = YES_ERROR;
				CLANG_WARN_UNREACHABLE_CODE = YES;
				CLANG_WARN__DUPLICATE_METHOD_MATCH = YES;
				"CODE_SIGN_IDENTITY[sdk=iphoneos*]" = "iPhone Developer";
				COPY_PHASE_STRIP = NO;
				DEBUG_INFORMATION_FORMAT = "dwarf-with-dsym";
				ENABLE_STRICT_OBJC_MSGSEND = YES;
				GCC_C_LANGUAGE_STANDARD = gnu99;
				GCC_DYNAMIC_NO_PIC = NO;
				GCC_NO_COMMON_BLOCKS = YES;
				GCC_OPTIMIZATION_LEVEL = 0;
				GCC_PREPROCESSOR_DEFINITIONS = (
					"DEBUG=1",
					"$(inherited)",
				);
				GCC_SYMBOLS_PRIVATE_EXTERN = NO;
				GCC_WARN_64_TO_32_BIT_CONVERSION = YES;
				GCC_WARN_ABOUT_RETURN_TYPE = YES_ERROR;
				GCC_WARN_UNDECLARED_SELECTOR = YES;
				GCC_WARN_UNINITIALIZED_AUTOS = YES_AGGRESSIVE;
				GCC_WARN_UNUSED_FUNCTION = YES;
				GCC_WARN_UNUSED_VARIABLE = YES;
				IPHONEOS_DEPLOYMENT_TARGET = 8.3;
				MTL_ENABLE_DEBUG_INFO = YES;
				ONLY_ACTIVE_ARCH = YES;
				SDKROOT = iphoneos;
				TARGETED_DEVICE_FAMILY = "1,2";
			};
			name = Debug;
		};
		6E57BD341B368DEC009F206F /* Release */ = {
			isa = XCBuildConfiguration;
			buildSettings = {
				ALWAYS_SEARCH_USER_PATHS = NO;
				CLANG_CXX_LANGUAGE_STANDARD = "gnu++0x";
				CLANG_CXX_LIBRARY = "libc++";
				CLANG_ENABLE_MODULES = YES;
				CLANG_ENABLE_OBJC_ARC = YES;
				CLANG_WARN_BOOL_CONVERSION = YES;
				CLANG_WARN_CONSTANT_CONVERSION = YES;
				CLANG_WARN_DIRECT_OBJC_ISA_USAGE = YES_ERROR;
				CLANG_WARN_EMPTY_BODY = YES;
				CLANG_WARN_ENUM_CONVERSION = YES;
				CLANG_WARN_INT_CONVERSION = YES;
				CLANG_WARN_OBJC_ROOT_CLASS = YES_ERROR;
				CLANG_WARN_UNREACHABLE_CODE = YES;
				CLANG_WARN__DUPLICATE_METHOD_MATCH = YES;
				"CODE_SIGN_IDENTITY[sdk=iphoneos*]" = "iPhone Developer";
				COPY_PHASE_STRIP = NO;
				DEBUG_INFORMATION_FORMAT = "dwarf-with-dsym";
				ENABLE_NS_ASSERTIONS = NO;
				ENABLE_STRICT_OBJC_MSGSEND = YES;
				GCC_C_LANGUAGE_STANDARD = gnu99;
				GCC_NO_COMMON_BLOCKS = YES;
				GCC_WARN_64_TO_32_BIT_CONVERSION = YES;
				GCC_WARN_ABOUT_RETURN_TYPE = YES_ERROR;
				GCC_WARN_UNDECLARED_SELECTOR = YES;
				GCC_WARN_UNINITIALIZED_AUTOS = YES_AGGRESSIVE;
				GCC_WARN_UNUSED_FUNCTION = YES;
				GCC_WARN_UNUSED_VARIABLE = YES;
				IPHONEOS_DEPLOYMENT_TARGET = 8.3;
				MTL_ENABLE_DEBUG_INFO = NO;
				SDKROOT = iphoneos;
				TARGETED_DEVICE_FAMILY = "1,2";
				VALIDATE_PRODUCT = YES;
			};
			name = Release;
		};
		6E57BD361B368DEC009F206F /* Debug */ = {
			isa = XCBuildConfiguration;
			buildSettings = {
				ASSETCATALOG_COMPILER_APPICON_NAME = AppIcon;
				INFOPLIST_FILE = yelp/Info.plist;
				LD_RUNPATH_SEARCH_PATHS = "$(inherited) @executable_path/Frameworks";
				PRODUCT_NAME = "$(TARGET_NAME)";
			};
			name = Debug;
		};
		6E57BD371B368DEC009F206F /* Release */ = {
			isa = XCBuildConfiguration;
			buildSettings = {
				ASSETCATALOG_COMPILER_APPICON_NAME = AppIcon;
				INFOPLIST_FILE = yelp/Info.plist;
				LD_RUNPATH_SEARCH_PATHS = "$(inherited) @executable_path/Frameworks";
				PRODUCT_NAME = "$(TARGET_NAME)";
			};
			name = Release;
		};
		6E57BD391B368DEC009F206F /* Debug */ = {
			isa = XCBuildConfiguration;
			buildSettings = {
				BUNDLE_LOADER = "$(TEST_HOST)";
				FRAMEWORK_SEARCH_PATHS = (
					"$(SDKROOT)/Developer/Library/Frameworks",
					"$(inherited)",
				);
				GCC_PREPROCESSOR_DEFINITIONS = (
					"DEBUG=1",
					"$(inherited)",
				);
				INFOPLIST_FILE = yelpTests/Info.plist;
				LD_RUNPATH_SEARCH_PATHS = "$(inherited) @executable_path/Frameworks @loader_path/Frameworks";
				PRODUCT_NAME = "$(TARGET_NAME)";
				TEST_HOST = "$(BUILT_PRODUCTS_DIR)/yelp.app/yelp";
			};
			name = Debug;
		};
		6E57BD3A1B368DEC009F206F /* Release */ = {
			isa = XCBuildConfiguration;
			buildSettings = {
				BUNDLE_LOADER = "$(TEST_HOST)";
				FRAMEWORK_SEARCH_PATHS = (
					"$(SDKROOT)/Developer/Library/Frameworks",
					"$(inherited)",
				);
				INFOPLIST_FILE = yelpTests/Info.plist;
				LD_RUNPATH_SEARCH_PATHS = "$(inherited) @executable_path/Frameworks @loader_path/Frameworks";
				PRODUCT_NAME = "$(TARGET_NAME)";
				TEST_HOST = "$(BUILT_PRODUCTS_DIR)/yelp.app/yelp";
			};
			name = Release;
		};
/* End XCBuildConfiguration section */

/* Begin XCConfigurationList section */
		6E57BD0D1B368DEC009F206F /* Build configuration list for PBXProject "yelp" */ = {
			isa = XCConfigurationList;
			buildConfigurations = (
				6E57BD331B368DEC009F206F /* Debug */,
				6E57BD341B368DEC009F206F /* Release */,
			);
			defaultConfigurationIsVisible = 0;
			defaultConfigurationName = Release;
		};
		6E57BD351B368DEC009F206F /* Build configuration list for PBXNativeTarget "yelp" */ = {
			isa = XCConfigurationList;
			buildConfigurations = (
				6E57BD361B368DEC009F206F /* Debug */,
				6E57BD371B368DEC009F206F /* Release */,
			);
			defaultConfigurationIsVisible = 0;
		};
		6E57BD381B368DEC009F206F /* Build configuration list for PBXNativeTarget "yelpTests" */ = {
			isa = XCConfigurationList;
			buildConfigurations = (
				6E57BD391B368DEC009F206F /* Debug */,
				6E57BD3A1B368DEC009F206F /* Release */,
			);
			defaultConfigurationIsVisible = 0;
		};
/* End XCConfigurationList section */
	};
	rootObject = 6E57BD0A1B368DEC009F206F /* Project object */;
}
